
Microsoft Visual Studio Solution File, Format Version 12.00
# Visual Studio 15
VisualStudioVersion = 15.0.27428.2002
MinimumVisualStudioVersion = 10.0.40219.1
Project("{FAE04EC0-301F-11D3-BF4B-00C04F79EFBC}") = "BelExam", "BelExamen\BelExam.csproj", "{2770B2A1-8ECC-4AA1-A4B2-1AC0365D2B02}"
EndProject
Project("{FAE04EC0-301F-11D3-BF4B-00C04F79EFBC}") = "BelExam.BE", "BelExamen.BE\BelExam.BE.csproj", "{FD0A42C7-5874-4CE6-A7DF-8C8E646555C5}"
EndProject
Project("{FAE04EC0-301F-11D3-BF4B-00C04F79EFBC}") = "BelExam.BL", "BelExamen.BL\BelExam.BL.csproj", "{97F5C3D5-4AF1-45BE-B698-C8F64B1D3F5C}"
EndProject
Project("{FAE04EC0-301F-11D3-BF4B-00C04F79EFBC}") = "BelExam.DA", "BelExamen.DA\BelExam.DA.csproj", "{A4F45C28-EA1A-4ED3-AE90-D09FAF55C35E}"
EndProject
Project("{FAE04EC0-301F-11D3-BF4B-00C04F79EFBC}") = "BelExamen.WS", "BelExamen.UI.API\BelExamen.WS.csproj", "{50F642EF-9EEE-4B34-81DE-5D8E780D6581}"
EndProject
Global
	GlobalSection(SolutionConfigurationPlatforms) = preSolution
		Debug|Any CPU = Debug|Any CPU
		Release|Any CPU = Release|Any CPU
	EndGlobalSection
	GlobalSection(ProjectConfigurationPlatforms) = postSolution
		{2770B2A1-8ECC-4AA1-A4B2-1AC0365D2B02}.Debug|Any CPU.ActiveCfg = Debug|Any CPU
		{2770B2A1-8ECC-4AA1-A4B2-1AC0365D2B02}.Debug|Any CPU.Build.0 = Debug|Any CPU
		{2770B2A1-8ECC-4AA1-A4B2-1AC0365D2B02}.Release|Any CPU.ActiveCfg = Release|Any CPU
		{2770B2A1-8ECC-4AA1-A4B2-1AC0365D2B02}.Release|Any CPU.Build.0 = Release|Any CPU
		{FD0A42C7-5874-4CE6-A7DF-8C8E646555C5}.Debug|Any CPU.ActiveCfg = Debug|Any CPU
		{FD0A42C7-5874-4CE6-A7DF-8C8E646555C5}.Debug|Any CPU.Build.0 = Debug|Any CPU
		{FD0A42C7-5874-4CE6-A7DF-8C8E646555C5}.Release|Any CPU.ActiveCfg = Release|Any CPU
		{FD0A42C7-5874-4CE6-A7DF-8C8E646555C5}.Release|Any CPU.Build.0 = Release|Any CPU
		{97F5C3D5-4AF1-45BE-B698-C8F64B1D3F5C}.Debug|Any CPU.ActiveCfg = Debug|Any CPU
		{97F5C3D5-4AF1-45BE-B698-C8F64B1D3F5C}.Debug|Any CPU.Build.0 = Debug|Any CPU
		{97F5C3D5-4AF1-45BE-B698-C8F64B1D3F5C}.Release|Any CPU.ActiveCfg = Release|Any CPU
		{97F5C3D5-4AF1-45BE-B698-C8F64B1D3F5C}.Release|Any CPU.Build.0 = Release|Any CPU
		{A4F45C28-EA1A-4ED3-AE90-D09FAF55C35E}.Debug|Any CPU.ActiveCfg = Debug|Any CPU
		{A4F45C28-EA1A-4ED3-AE90-D09FAF55C35E}.Debug|Any CPU.Build.0 = Debug|Any CPU
		{A4F45C28-EA1A-4ED3-AE90-D09FAF55C35E}.Release|Any CPU.ActiveCfg = Release|Any CPU
		{A4F45C28-EA1A-4ED3-AE90-D09FAF55C35E}.Release|Any CPU.Build.0 = Release|Any CPU
		{50F642EF-9EEE-4B34-81DE-5D8E780D6581}.Debug|Any CPU.ActiveCfg = Debug|Any CPU
		{50F642EF-9EEE-4B34-81DE-5D8E780D6581}.Debug|Any CPU.Build.0 = Debug|Any CPU
		{50F642EF-9EEE-4B34-81DE-5D8E780D6581}.Release|Any CPU.ActiveCfg = Release|Any CPU
		{50F642EF-9EEE-4B34-81DE-5D8E780D6581}.Release|Any CPU.Build.0 = Release|Any CPU
	EndGlobalSection
	GlobalSection(SolutionProperties) = preSolution
		HideSolutionNode = FALSE
	EndGlobalSection
	GlobalSection(ExtensibilityGlobals) = postSolution
		SolutionGuid = {D886E52C-3F27-430F-AB42-7A3E0645A127}
	EndGlobalSection
EndGlobal
