
Microsoft Visual Studio Solution File, Format Version 12.00
# Visual Studio 15
VisualStudioVersion = 15.0.27428.2002
MinimumVisualStudioVersion = 10.0.40219.1
Project("{FAE04EC0-301F-11D3-BF4B-00C04F79EFBC}") = "BelExamen", "BelExamen\BelExamen.csproj", "{2770B2A1-8ECC-4AA1-A4B2-1AC0365D2B02}"
EndProject
Global
	GlobalSection(SolutionConfigurationPlatforms) = preSolution
		Debug|Any CPU = Debug|Any CPU
		Release|Any CPU = Release|Any CPU
	EndGlobalSection
	GlobalSection(ProjectConfigurationPlatforms) = postSolution
		{2770B2A1-8ECC-4AA1-A4B2-1AC0365D2B02}.Debug|Any CPU.ActiveCfg = Debug|Any CPU
		{2770B2A1-8ECC-4AA1-A4B2-1AC0365D2B02}.Debug|Any CPU.Build.0 = Debug|Any CPU
		{2770B2A1-8ECC-4AA1-A4B2-1AC0365D2B02}.Release|Any CPU.ActiveCfg = Release|Any CPU
		{2770B2A1-8ECC-4AA1-A4B2-1AC0365D2B02}.Release|Any CPU.Build.0 = Release|Any CPU
	EndGlobalSection
	GlobalSection(SolutionProperties) = preSolution
		HideSolutionNode = FALSE
	EndGlobalSection
	GlobalSection(ExtensibilityGlobals) = postSolution
		SolutionGuid = {D886E52C-3F27-430F-AB42-7A3E0645A127}
	EndGlobalSection
EndGlobal
